
Microsoft Visual Studio Solution File, Format Version 12.00
# Visual Studio Version 16
VisualStudioVersion = 16.0.29209.62
MinimumVisualStudioVersion = 10.0.40219.1
Project("{FAE04EC0-301F-11D3-BF4B-00C04F79EFBC}") = "ShopBanHang", "ShopBanHang\ShopBanHang.csproj", "{100689F0-56FF-49BD-8F7E-21CF81800C29}"
EndProject
Global
	GlobalSection(SolutionConfigurationPlatforms) = preSolution
		Debug|Any CPU = Debug|Any CPU
		Release|Any CPU = Release|Any CPU
	EndGlobalSection
	GlobalSection(ProjectConfigurationPlatforms) = postSolution
		{100689F0-56FF-49BD-8F7E-21CF81800C29}.Debug|Any CPU.ActiveCfg = Debug|Any CPU
		{100689F0-56FF-49BD-8F7E-21CF81800C29}.Debug|Any CPU.Build.0 = Debug|Any CPU
		{100689F0-56FF-49BD-8F7E-21CF81800C29}.Release|Any CPU.ActiveCfg = Release|Any CPU
		{100689F0-56FF-49BD-8F7E-21CF81800C29}.Release|Any CPU.Build.0 = Release|Any CPU
	EndGlobalSection
	GlobalSection(SolutionProperties) = preSolution
		HideSolutionNode = FALSE
	EndGlobalSection
	GlobalSection(ExtensibilityGlobals) = postSolution
		SolutionGuid = {44817397-69E5-4B06-8C6D-10F7A99D721E}
	EndGlobalSection
EndGlobal
